
Microsoft Visual Studio Solution File, Format Version 12.00
# Visual Studio Version 17
VisualStudioVersion = 17.14.36414.22
MinimumVisualStudioVersion = 10.0.40219.1
Project("{2150E333-8FDC-42A3-9474-1A3956D46DE8}") = "Task0", "Task0", "{02EA681E-C7D8-13C7-8484-4AC65E1B71E8}"
EndProject
Project("{FAE04EC0-301F-11D3-BF4B-00C04F79EFBC}") = "Tyuiu.BudykovaMM.Sprint1.Task0.V30", "Tyuiu.BudykovaMM.Sprint1.Task0.V30\Tyuiu.BudykovaMM.Sprint1.Task0.V30.csproj", "{FA50DBC9-2A7A-F1B1-0F2C-17E172B6C8A9}"
EndProject
Project("{FAE04EC0-301F-11D3-BF4B-00C04F79EFBC}") = "Tyuiu.BudykovaMM.Sprint1.Task0.V30.Lib", "Tyuiu.BudykovaMM.Sprint1.Task0.V30.Lib\Tyuiu.BudykovaMM.Sprint1.Task0.V30.Lib.csproj", "{C28D3492-46AD-1099-4E9E-B372E527C2F0}"
EndProject
Project("{FAE04EC0-301F-11D3-BF4B-00C04F79EFBC}") = "Tyuiu.BudykovaMM.Sprint1.Task0.V30.Test", "Tyuiu.BudykovaMM.Sprint1.Task0.V30.Test\Tyuiu.BudykovaMM.Sprint1.Task0.V30.Test.csproj", "{2BE4CB20-AA43-9923-4445-B0E989F605E7}"
EndProject
Project("{2150E333-8FDC-42A3-9474-1A3956D46DE8}") = "Task1", "Task1", "{97DFE16A-5956-4201-A10A-31A4D9EE5D49}"
EndProject
Project("{FAE04EC0-301F-11D3-BF4B-00C04F79EFBC}") = "Tyuiu.BudykovaMM.Sprint1.Task1.V4", "Tyuiu.BudykovaMM.Sprint1.Task1.V4\Tyuiu.BudykovaMM.Sprint1.Task1.V4.csproj", "{7470B300-E263-46BD-B386-C5A543EFEBF6}"
EndProject
Project("{FAE04EC0-301F-11D3-BF4B-00C04F79EFBC}") = "Tyuiu.BudykovaMM.Sprint1.Task1.V4.Lib", "Tyuiu.BudykovaMM.Sprint1.Task1.V4.Lib\Tyuiu.BudykovaMM.Sprint1.Task1.V4.Lib.csproj", "{287C67E0-6629-4724-BEE2-FE8EE8DECB30}"
EndProject
Project("{FAE04EC0-301F-11D3-BF4B-00C04F79EFBC}") = "Tyuiu.BudykovaMM.Sprint1.Task1.V4.Test", "Tyuiu.BudykovaMM.Sprint1.Task1.V4.Test\Tyuiu.BudykovaMM.Sprint1.Task1.V4.Test.csproj", "{98007905-A842-454F-8633-C5EB04C16299}"
EndProject
Project("{2150E333-8FDC-42A3-9474-1A3956D46DE8}") = "Task2", "Task2", "{6DD1C4D3-26FE-4133-99E9-DD5297CD7608}"
EndProject
Project("{FAE04EC0-301F-11D3-BF4B-00C04F79EFBC}") = "Tyuiu.BudykovaMM.Sprint1.Task2.V9", "Tyuiu.BudykovaMM.Sprint1.Task2.V9\Tyuiu.BudykovaMM.Sprint1.Task2.V9.csproj", "{3123A997-92AC-46B2-8070-3E9E8A3680AE}"
EndProject
Project("{FAE04EC0-301F-11D3-BF4B-00C04F79EFBC}") = "Tyuiu.BudykovaMM.Sprint1.Task2.V9.Lib", "Tyuiu.BudykovaMM.Sprint1.Task2.V9.Lib\Tyuiu.BudykovaMM.Sprint1.Task2.V9.Lib.csproj", "{681BA083-3E66-4C24-B062-3D3205E996E4}"
EndProject
Project("{FAE04EC0-301F-11D3-BF4B-00C04F79EFBC}") = "Tyuiu.BudykovaMM.Sprint1.Task2.V9.Test", "Tyuiu.BudykovaMM.Sprint1.Task2.V9.Test\Tyuiu.BudykovaMM.Sprint1.Task2.V9.Test.csproj", "{6DCA43A5-0B24-4894-BAD7-8CA5A5F20024}"
EndProject
Project("{2150E333-8FDC-42A3-9474-1A3956D46DE8}") = "Task3", "Task3", "{CD59529B-7A01-4BE8-8B5F-CA006691CF77}"
EndProject
Project("{FAE04EC0-301F-11D3-BF4B-00C04F79EFBC}") = "Tyuiu.BudykovaMM.Sprint1.Task3.V13", "Tyuiu.BudykovaMM.Sprint1.Task3.V13\Tyuiu.BudykovaMM.Sprint1.Task3.V13.csproj", "{C113E4B9-46EF-492B-A340-A46F5CC3EA4A}"
EndProject
Project("{FAE04EC0-301F-11D3-BF4B-00C04F79EFBC}") = "Tyuiu.BudykovaMM.Sprint1.Task3.V13.Lib", "Tyuiu.BudykovaMM.Sprint1.Task3.V13.Lib\Tyuiu.BudykovaMM.Sprint1.Task3.V13.Lib.csproj", "{2CCF4873-8D15-409E-B4F3-D622886FDBD2}"
EndProject
Project("{FAE04EC0-301F-11D3-BF4B-00C04F79EFBC}") = "Tyuiu.BudykovaMM.Sprint1.Task3.V13.Test", "Tyuiu.BudykovaMM.Sprint1.Task3.V13.Test\Tyuiu.BudykovaMM.Sprint1.Task3.V13.Test.csproj", "{E42F00D8-A867-4B69-89E7-46AA8A60F191}"
EndProject
Global
	GlobalSection(SolutionConfigurationPlatforms) = preSolution
		Debug|Any CPU = Debug|Any CPU
		Release|Any CPU = Release|Any CPU
	EndGlobalSection
	GlobalSection(ProjectConfigurationPlatforms) = postSolution
		{FA50DBC9-2A7A-F1B1-0F2C-17E172B6C8A9}.Debug|Any CPU.ActiveCfg = Debug|Any CPU
		{FA50DBC9-2A7A-F1B1-0F2C-17E172B6C8A9}.Debug|Any CPU.Build.0 = Debug|Any CPU
		{FA50DBC9-2A7A-F1B1-0F2C-17E172B6C8A9}.Release|Any CPU.ActiveCfg = Release|Any CPU
		{FA50DBC9-2A7A-F1B1-0F2C-17E172B6C8A9}.Release|Any CPU.Build.0 = Release|Any CPU
		{C28D3492-46AD-1099-4E9E-B372E527C2F0}.Debug|Any CPU.ActiveCfg = Debug|Any CPU
		{C28D3492-46AD-1099-4E9E-B372E527C2F0}.Debug|Any CPU.Build.0 = Debug|Any CPU
		{C28D3492-46AD-1099-4E9E-B372E527C2F0}.Release|Any CPU.ActiveCfg = Release|Any CPU
		{C28D3492-46AD-1099-4E9E-B372E527C2F0}.Release|Any CPU.Build.0 = Release|Any CPU
		{2BE4CB20-AA43-9923-4445-B0E989F605E7}.Debug|Any CPU.ActiveCfg = Debug|Any CPU
		{2BE4CB20-AA43-9923-4445-B0E989F605E7}.Debug|Any CPU.Build.0 = Debug|Any CPU
		{2BE4CB20-AA43-9923-4445-B0E989F605E7}.Release|Any CPU.ActiveCfg = Release|Any CPU
		{2BE4CB20-AA43-9923-4445-B0E989F605E7}.Release|Any CPU.Build.0 = Release|Any CPU
		{7470B300-E263-46BD-B386-C5A543EFEBF6}.Debug|Any CPU.ActiveCfg = Debug|Any CPU
		{7470B300-E263-46BD-B386-C5A543EFEBF6}.Debug|Any CPU.Build.0 = Debug|Any CPU
		{7470B300-E263-46BD-B386-C5A543EFEBF6}.Release|Any CPU.ActiveCfg = Release|Any CPU
		{7470B300-E263-46BD-B386-C5A543EFEBF6}.Release|Any CPU.Build.0 = Release|Any CPU
		{287C67E0-6629-4724-BEE2-FE8EE8DECB30}.Debug|Any CPU.ActiveCfg = Debug|Any CPU
		{287C67E0-6629-4724-BEE2-FE8EE8DECB30}.Debug|Any CPU.Build.0 = Debug|Any CPU
		{287C67E0-6629-4724-BEE2-FE8EE8DECB30}.Release|Any CPU.ActiveCfg = Release|Any CPU
		{287C67E0-6629-4724-BEE2-FE8EE8DECB30}.Release|Any CPU.Build.0 = Release|Any CPU
		{98007905-A842-454F-8633-C5EB04C16299}.Debug|Any CPU.ActiveCfg = Debug|Any CPU
		{98007905-A842-454F-8633-C5EB04C16299}.Debug|Any CPU.Build.0 = Debug|Any CPU
		{98007905-A842-454F-8633-C5EB04C16299}.Release|Any CPU.ActiveCfg = Release|Any CPU
		{98007905-A842-454F-8633-C5EB04C16299}.Release|Any CPU.Build.0 = Release|Any CPU
		{3123A997-92AC-46B2-8070-3E9E8A3680AE}.Debug|Any CPU.ActiveCfg = Debug|Any CPU
		{3123A997-92AC-46B2-8070-3E9E8A3680AE}.Debug|Any CPU.Build.0 = Debug|Any CPU
		{3123A997-92AC-46B2-8070-3E9E8A3680AE}.Release|Any CPU.ActiveCfg = Release|Any CPU
		{3123A997-92AC-46B2-8070-3E9E8A3680AE}.Release|Any CPU.Build.0 = Release|Any CPU
		{681BA083-3E66-4C24-B062-3D3205E996E4}.Debug|Any CPU.ActiveCfg = Debug|Any CPU
		{681BA083-3E66-4C24-B062-3D3205E996E4}.Debug|Any CPU.Build.0 = Debug|Any CPU
		{681BA083-3E66-4C24-B062-3D3205E996E4}.Release|Any CPU.ActiveCfg = Release|Any CPU
		{681BA083-3E66-4C24-B062-3D3205E996E4}.Release|Any CPU.Build.0 = Release|Any CPU
		{6DCA43A5-0B24-4894-BAD7-8CA5A5F20024}.Debug|Any CPU.ActiveCfg = Debug|Any CPU
		{6DCA43A5-0B24-4894-BAD7-8CA5A5F20024}.Debug|Any CPU.Build.0 = Debug|Any CPU
		{6DCA43A5-0B24-4894-BAD7-8CA5A5F20024}.Release|Any CPU.ActiveCfg = Release|Any CPU
		{6DCA43A5-0B24-4894-BAD7-8CA5A5F20024}.Release|Any CPU.Build.0 = Release|Any CPU
		{C113E4B9-46EF-492B-A340-A46F5CC3EA4A}.Debug|Any CPU.ActiveCfg = Debug|Any CPU
		{C113E4B9-46EF-492B-A340-A46F5CC3EA4A}.Debug|Any CPU.Build.0 = Debug|Any CPU
		{C113E4B9-46EF-492B-A340-A46F5CC3EA4A}.Release|Any CPU.ActiveCfg = Release|Any CPU
		{C113E4B9-46EF-492B-A340-A46F5CC3EA4A}.Release|Any CPU.Build.0 = Release|Any CPU
		{2CCF4873-8D15-409E-B4F3-D622886FDBD2}.Debug|Any CPU.ActiveCfg = Debug|Any CPU
		{2CCF4873-8D15-409E-B4F3-D622886FDBD2}.Debug|Any CPU.Build.0 = Debug|Any CPU
		{2CCF4873-8D15-409E-B4F3-D622886FDBD2}.Release|Any CPU.ActiveCfg = Release|Any CPU
		{2CCF4873-8D15-409E-B4F3-D622886FDBD2}.Release|Any CPU.Build.0 = Release|Any CPU
		{E42F00D8-A867-4B69-89E7-46AA8A60F191}.Debug|Any CPU.ActiveCfg = Debug|Any CPU
		{E42F00D8-A867-4B69-89E7-46AA8A60F191}.Debug|Any CPU.Build.0 = Debug|Any CPU
		{E42F00D8-A867-4B69-89E7-46AA8A60F191}.Release|Any CPU.ActiveCfg = Release|Any CPU
		{E42F00D8-A867-4B69-89E7-46AA8A60F191}.Release|Any CPU.Build.0 = Release|Any CPU
	EndGlobalSection
	GlobalSection(SolutionProperties) = preSolution
		HideSolutionNode = FALSE
	EndGlobalSection
	GlobalSection(NestedProjects) = preSolution
		{FA50DBC9-2A7A-F1B1-0F2C-17E172B6C8A9} = {02EA681E-C7D8-13C7-8484-4AC65E1B71E8}
		{C28D3492-46AD-1099-4E9E-B372E527C2F0} = {02EA681E-C7D8-13C7-8484-4AC65E1B71E8}
		{2BE4CB20-AA43-9923-4445-B0E989F605E7} = {02EA681E-C7D8-13C7-8484-4AC65E1B71E8}
		{7470B300-E263-46BD-B386-C5A543EFEBF6} = {97DFE16A-5956-4201-A10A-31A4D9EE5D49}
		{287C67E0-6629-4724-BEE2-FE8EE8DECB30} = {97DFE16A-5956-4201-A10A-31A4D9EE5D49}
		{98007905-A842-454F-8633-C5EB04C16299} = {97DFE16A-5956-4201-A10A-31A4D9EE5D49}
		{3123A997-92AC-46B2-8070-3E9E8A3680AE} = {6DD1C4D3-26FE-4133-99E9-DD5297CD7608}
		{681BA083-3E66-4C24-B062-3D3205E996E4} = {6DD1C4D3-26FE-4133-99E9-DD5297CD7608}
		{6DCA43A5-0B24-4894-BAD7-8CA5A5F20024} = {6DD1C4D3-26FE-4133-99E9-DD5297CD7608}
		{C113E4B9-46EF-492B-A340-A46F5CC3EA4A} = {CD59529B-7A01-4BE8-8B5F-CA006691CF77}
		{2CCF4873-8D15-409E-B4F3-D622886FDBD2} = {CD59529B-7A01-4BE8-8B5F-CA006691CF77}
		{E42F00D8-A867-4B69-89E7-46AA8A60F191} = {CD59529B-7A01-4BE8-8B5F-CA006691CF77}
	EndGlobalSection
	GlobalSection(ExtensibilityGlobals) = postSolution
		SolutionGuid = {07DED966-3770-43FE-A3B9-03017D9B39E2}
	EndGlobalSection
EndGlobal
